{
  "version": 4,
  "terraform_version": "1.11.2",
  "serial": 16,
  "lineage": "17e7cea1-9bbb-ea43-7bc8-13ab8815dc67",
  "outputs": {
    "eks_cluster_name": {
      "value": "eksDeepDive",
      "type": "string"
    },
    "node_group_arn": {
      "value": "arn:aws:eks:eu-central-1:325583868777:nodegroup/eksDeepDive/nodeGroupRjhxaGsg/a4cb4f38-cd17-2a93-b6b2-a453f1cd5ce0",
      "type": "string"
    },
    "node_group_name": {
      "value": "nodeGroupRjhxaGsg",
      "type": "string"
    }
  },
  "resources": [
    {
      "mode": "data",
      "type": "aws_eks_cluster",
      "name": "this",
      "provider": "provider[\"registry.terraform.io/hashicorp/aws\"]",
      "instances": [
        {
          "schema_version": 0,
          "attributes": {
            "access_config": [
              {
                "authentication_mode": "API",
                "bootstrap_cluster_creator_admin_permissions": true
              }
            ],
            "arn": "arn:aws:eks:eu-central-1:325583868777:cluster/eksDeepDive",
            "certificate_authority": [
              {
                "data": "LS0tLS1CRUdJTiBDRVJUSUZJQ0FURS0tLS0tCk1JSURCVENDQWUyZ0F3SUJBZ0lJRjFtT0JNZ0N2T3d3RFFZSktvWklodmNOQVFFTEJRQXdGVEVUTUJFR0ExVUUKQXhNS2EzVmlaWEp1WlhSbGN6QWVGdzB5TlRBMU1ESXhOelF6TWpoYUZ3MHpOVEEwTXpBeE56UTRNamhhTUJVeApFekFSQmdOVkJBTVRDbXQxWW1WeWJtVjBaWE13Z2dFaU1BMEdDU3FHU0liM0RRRUJBUVVBQTRJQkR3QXdnZ0VLCkFvSUJBUUNrL21janRLbW5XMWFWbytxU0kwYjBGSkZDaUZ4Wi9yMzZ1bGVKT3RvRnVtZ01EcVhmQW9tVFlHWmkKM1k2ZHhOZkdvZ09CejJVUVNUcThxSzU5TVJYaE9wWk90YXMxZmNqSUlDRHZWbEt6cHJlTi9GbVRJa01oZzM5eQpDNHBVYmYweUN5SFRiZG0xdVZscE9aNTdYV1l4ZExXenV6UG1PRTRZVTBrL2dEc0F2cW5OVGJBTUVHTEpwMy9nCmNTMWJjcExCbWYyQklUbWZaL0pMWHh1VHZVMGQwNlcrRUZvNEJ1UkJBK2ZVZlZhVHNoZzVFNzlnb3BESFk5eUEKY2Q5OXVSS1BrcEhvM2dENUlDbXNwRGhJeXJMWnEwcHRZZkZTTEF1bW1hU0RZS082bnliMFVSKzRVbWdES1hMSQpKcVZQSURmRllFTXY2VUtBVHdGUFF2TERzeHBEQWdNQkFBR2pXVEJYTUE0R0ExVWREd0VCL3dRRUF3SUNwREFQCkJnTlZIUk1CQWY4RUJUQURBUUgvTUIwR0ExVWREZ1FXQkJTMXZ6U3p1QnhvaDQ5WkJnckRoZmgyQlJTQk1qQVYKQmdOVkhSRUVEakFNZ2dwcmRXSmxjbTVsZEdWek1BMEdDU3FHU0liM0RRRUJDd1VBQTRJQkFRQktsWE1hcnExdwpmY2h0M3pOYzVkMGNxaU5tbnhjeHBRZkdWYk9nNWsxQ09UTC95dWpMcWJsTi9RZUg2eW16NGxIOTEySkZTaXhmCjJCSFRIc0phMWk3SGpPanY2Z0JWc1JXYTc0UTJEMHYxSWo0UVBjOC9Mdi96Yi9obGV2ZFFxUCtQNTRXYUJ6Ui8KSHdLNUFiU2wrZ3ZLL01BMXBDUGFqSEFxdTlRU3JNTWM3RW9FZ3A3ZWxTaEpWNjlHYjNZUzBGNi8xWlFGUXJDLwowQUt2Umc3WUloVWFwMG9Hc0NXalk3YjB4a09YYTh2MDFaaThJWmNkM0RHcDRUTkNUdWQzNUdLNWNMRHM2ZjBkCmJOTkRxL3hYWFE4d2k2NVdMdDRVZGJkNDFCc2pOSGl6VGxRQnlqMVJOcVVFVFljZkZqcFlLVm04V1lMRUZhblEKV1hvWkdvZk5XUUVSCi0tLS0tRU5EIENFUlRJRklDQVRFLS0tLS0K"
              }
            ],
            "cluster_id": null,
            "compute_config": [
              {
                "enabled": false,
                "node_pools": [],
                "node_role_arn": ""
              }
            ],
            "created_at": "2025-05-02T17:44:04Z",
            "enabled_cluster_log_types": [
              "api",
              "audit",
              "authenticator",
              "controllerManager",
              "scheduler"
            ],
            "endpoint": "https://1B2F3A417EA51D60FE9C0DE87E593237.gr7.eu-central-1.eks.amazonaws.com",
            "id": "eksDeepDive",
            "identity": [
              {
                "oidc": [
                  {
                    "issuer": "https://oidc.eks.eu-central-1.amazonaws.com/id/1B2F3A417EA51D60FE9C0DE87E593237"
                  }
                ]
              }
            ],
            "kubernetes_network_config": [
              {
                "elastic_load_balancing": [
                  {
                    "enabled": false
                  }
                ],
                "ip_family": "ipv4",
                "service_ipv4_cidr": "10.100.0.0/16",
                "service_ipv6_cidr": ""
              }
            ],
            "name": "eksDeepDive",
            "outpost_config": [],
            "platform_version": "eks.9",
            "remote_network_config": [],
            "role_arn": "arn:aws:iam::325583868777:role/EKSCluster",
            "status": "ACTIVE",
            "storage_config": [
              {
                "block_storage": [
                  {
                    "enabled": false
                  }
                ]
              }
            ],
            "tags": {},
            "upgrade_policy": [
              {
                "support_type": "STANDARD"
              }
            ],
            "version": "1.32",
            "vpc_config": [
              {
                "cluster_security_group_id": "sg-062170f6c5c2a2276",
                "endpoint_private_access": true,
                "endpoint_public_access": true,
                "public_access_cidrs": [
                  "0.0.0.0/0"
                ],
                "security_group_ids": [],
                "subnet_ids": [
                  "subnet-556d813f",
                  "subnet-75144e08",
                  "subnet-ea81afa7"
                ],
                "vpc_id": "vpc-6412160f"
              }
            ],
            "zonal_shift_config": [
              {
                "enabled": true
              }
            ]
          },
          "sensitive_attributes": []
        }
      ]
    },
    {
      "mode": "data",
      "type": "aws_eks_cluster_auth",
      "name": "this",
      "provider": "provider[\"registry.terraform.io/hashicorp/aws\"]",
      "instances": [
        {
          "schema_version": 0,
          "attributes": {
            "id": "eksDeepDive",
            "name": "eksDeepDive",
            "token": "k8s-aws-v1.aHR0cHM6Ly9zdHMuZXUtY2VudHJhbC0xLmFtYXpvbmF3cy5jb20vP0FjdGlvbj1HZXRDYWxsZXJJZGVudGl0eSZWZXJzaW9uPTIwMTEtMDYtMTUmWC1BbXotQWxnb3JpdGhtPUFXUzQtSE1BQy1TSEEyNTYmWC1BbXotQ3JlZGVudGlhbD1BS0lBVVhUU1BTTlVUSEtOUUJZNyUyRjIwMjUwNTA1JTJGZXUtY2VudHJhbC0xJTJGc3RzJTJGYXdzNF9yZXF1ZXN0JlgtQW16LURhdGU9MjAyNTA1MDVUMDMxNTMxWiZYLUFtei1FeHBpcmVzPTAmWC1BbXotU2lnbmVkSGVhZGVycz1ob3N0JTNCeC1rOHMtYXdzLWlkJlgtQW16LVNpZ25hdHVyZT00ZGEzNmZiNDRlMWUyNDIzYThhZDUzMTVjZmM3ZjI3NmExMTdmODM1OTE5NTQxZDRkNWVkYjJkNjdkYTgzZmU1"
          },
          "sensitive_attributes": [
            [
              {
                "type": "get_attr",
                "value": "token"
              }
            ]
          ]
        }
      ]
    },
    {
      "module": "module.app",
      "mode": "managed",
      "type": "kubernetes_deployment",
      "name": "todo_list",
      "provider": "provider[\"registry.terraform.io/hashicorp/kubernetes\"]",
      "instances": [
        {
          "schema_version": 1,
          "attributes": {
            "id": "default/todo-list",
            "metadata": [
              {
                "annotations": null,
                "generate_name": "",
                "generation": 1,
                "labels": {
                  "app": "todo-list"
                },
                "name": "todo-list",
                "namespace": "default",
                "resource_version": "745397",
                "uid": "3d1aed0b-00b5-429a-b7d8-7df51c82a455"
              }
            ],
            "spec": [
              {
                "min_ready_seconds": 0,
                "paused": false,
                "progress_deadline_seconds": 600,
                "replicas": "1",
                "revision_history_limit": 10,
                "selector": [
                  {
                    "match_expressions": [],
                    "match_labels": {
                      "app": "todo-list"
                    }
                  }
                ],
                "strategy": [
                  {
                    "rolling_update": [
                      {
                        "max_surge": "25%",
                        "max_unavailable": "25%"
                      }
                    ],
                    "type": "RollingUpdate"
                  }
                ],
                "template": [
                  {
                    "metadata": [
                      {
                        "annotations": null,
                        "generate_name": "",
                        "generation": 0,
                        "labels": {
                          "app": "todo-list"
                        },
                        "name": "",
                        "namespace": "",
                        "resource_version": "",
                        "uid": ""
                      }
                    ],
                    "spec": [
                      {
                        "active_deadline_seconds": 0,
                        "affinity": [],
                        "automount_service_account_token": true,
                        "container": [
                          {
                            "args": null,
                            "command": null,
                            "env": [],
                            "env_from": [],
                            "image": "rjhxa/getting-started@sha256:f68fd17d036486d8ffdd3ac5cd188aa591ca19a40031c4cd5ced02c0a684f167",
                            "image_pull_policy": "IfNotPresent",
                            "lifecycle": [],
                            "liveness_probe": [],
                            "name": "todo-list",
                            "port": [
                              {
                                "container_port": 3000,
                                "host_ip": "",
                                "host_port": 0,
                                "name": "",
                                "protocol": "TCP"
                              }
                            ],
                            "readiness_probe": [],
                            "resources": [
                              {
                                "limits": {},
                                "requests": {}
                              }
                            ],
                            "security_context": [],
                            "startup_probe": [],
                            "stdin": false,
                            "stdin_once": false,
                            "termination_message_path": "/dev/termination-log",
                            "termination_message_policy": "File",
                            "tty": false,
                            "volume_device": [],
                            "volume_mount": [],
                            "working_dir": ""
                          }
                        ],
                        "dns_config": [],
                        "dns_policy": "ClusterFirst",
                        "enable_service_links": true,
                        "host_aliases": [],
                        "host_ipc": false,
                        "host_network": false,
                        "host_pid": false,
                        "hostname": "",
                        "image_pull_secrets": [],
                        "init_container": [],
                        "node_name": "",
                        "node_selector": null,
                        "os": [],
                        "priority_class_name": "",
                        "readiness_gate": [],
                        "restart_policy": "Always",
                        "runtime_class_name": "",
                        "scheduler_name": "default-scheduler",
                        "security_context": [],
                        "service_account_name": "",
                        "share_process_namespace": false,
                        "subdomain": "",
                        "termination_grace_period_seconds": 30,
                        "toleration": [],
                        "topology_spread_constraint": [],
                        "volume": []
                      }
                    ]
                  }
                ]
              }
            ],
            "timeouts": null,
            "wait_for_rollout": true
          },
          "sensitive_attributes": [],
          "private": "eyJlMmJmYjczMC1lY2FhLTExZTYtOGY4OC0zNDM2M2JjN2M0YzAiOnsiY3JlYXRlIjo2MDAwMDAwMDAwMDAsImRlbGV0ZSI6NjAwMDAwMDAwMDAwLCJ1cGRhdGUiOjYwMDAwMDAwMDAwMH0sInNjaGVtYV92ZXJzaW9uIjoiMSJ9",
          "dependencies": [
            "data.aws_eks_cluster.this",
            "data.aws_eks_cluster_auth.this"
          ]
        }
      ]
    },
    {
      "module": "module.data_sources",
      "mode": "data",
      "type": "aws_eks_cluster",
      "name": "this",
      "provider": "provider[\"registry.terraform.io/hashicorp/aws\"]",
      "instances": [
        {
          "schema_version": 0,
          "attributes": {
            "access_config": [
              {
                "authentication_mode": "API",
                "bootstrap_cluster_creator_admin_permissions": true
              }
            ],
            "arn": "arn:aws:eks:eu-central-1:325583868777:cluster/eksDeepDive",
            "certificate_authority": [
              {
                "data": "LS0tLS1CRUdJTiBDRVJUSUZJQ0FURS0tLS0tCk1JSURCVENDQWUyZ0F3SUJBZ0lJRjFtT0JNZ0N2T3d3RFFZSktvWklodmNOQVFFTEJRQXdGVEVUTUJFR0ExVUUKQXhNS2EzVmlaWEp1WlhSbGN6QWVGdzB5TlRBMU1ESXhOelF6TWpoYUZ3MHpOVEEwTXpBeE56UTRNamhhTUJVeApFekFSQmdOVkJBTVRDbXQxWW1WeWJtVjBaWE13Z2dFaU1BMEdDU3FHU0liM0RRRUJBUVVBQTRJQkR3QXdnZ0VLCkFvSUJBUUNrL21janRLbW5XMWFWbytxU0kwYjBGSkZDaUZ4Wi9yMzZ1bGVKT3RvRnVtZ01EcVhmQW9tVFlHWmkKM1k2ZHhOZkdvZ09CejJVUVNUcThxSzU5TVJYaE9wWk90YXMxZmNqSUlDRHZWbEt6cHJlTi9GbVRJa01oZzM5eQpDNHBVYmYweUN5SFRiZG0xdVZscE9aNTdYV1l4ZExXenV6UG1PRTRZVTBrL2dEc0F2cW5OVGJBTUVHTEpwMy9nCmNTMWJjcExCbWYyQklUbWZaL0pMWHh1VHZVMGQwNlcrRUZvNEJ1UkJBK2ZVZlZhVHNoZzVFNzlnb3BESFk5eUEKY2Q5OXVSS1BrcEhvM2dENUlDbXNwRGhJeXJMWnEwcHRZZkZTTEF1bW1hU0RZS082bnliMFVSKzRVbWdES1hMSQpKcVZQSURmRllFTXY2VUtBVHdGUFF2TERzeHBEQWdNQkFBR2pXVEJYTUE0R0ExVWREd0VCL3dRRUF3SUNwREFQCkJnTlZIUk1CQWY4RUJUQURBUUgvTUIwR0ExVWREZ1FXQkJTMXZ6U3p1QnhvaDQ5WkJnckRoZmgyQlJTQk1qQVYKQmdOVkhSRUVEakFNZ2dwcmRXSmxjbTVsZEdWek1BMEdDU3FHU0liM0RRRUJDd1VBQTRJQkFRQktsWE1hcnExdwpmY2h0M3pOYzVkMGNxaU5tbnhjeHBRZkdWYk9nNWsxQ09UTC95dWpMcWJsTi9RZUg2eW16NGxIOTEySkZTaXhmCjJCSFRIc0phMWk3SGpPanY2Z0JWc1JXYTc0UTJEMHYxSWo0UVBjOC9Mdi96Yi9obGV2ZFFxUCtQNTRXYUJ6Ui8KSHdLNUFiU2wrZ3ZLL01BMXBDUGFqSEFxdTlRU3JNTWM3RW9FZ3A3ZWxTaEpWNjlHYjNZUzBGNi8xWlFGUXJDLwowQUt2Umc3WUloVWFwMG9Hc0NXalk3YjB4a09YYTh2MDFaaThJWmNkM0RHcDRUTkNUdWQzNUdLNWNMRHM2ZjBkCmJOTkRxL3hYWFE4d2k2NVdMdDRVZGJkNDFCc2pOSGl6VGxRQnlqMVJOcVVFVFljZkZqcFlLVm04V1lMRUZhblEKV1hvWkdvZk5XUUVSCi0tLS0tRU5EIENFUlRJRklDQVRFLS0tLS0K"
              }
            ],
            "cluster_id": null,
            "compute_config": [
              {
                "enabled": false,
                "node_pools": [],
                "node_role_arn": ""
              }
            ],
            "created_at": "2025-05-02T17:44:04Z",
            "enabled_cluster_log_types": [
              "api",
              "audit",
              "authenticator",
              "controllerManager",
              "scheduler"
            ],
            "endpoint": "https://1B2F3A417EA51D60FE9C0DE87E593237.gr7.eu-central-1.eks.amazonaws.com",
            "id": "eksDeepDive",
            "identity": [
              {
                "oidc": [
                  {
                    "issuer": "https://oidc.eks.eu-central-1.amazonaws.com/id/1B2F3A417EA51D60FE9C0DE87E593237"
                  }
                ]
              }
            ],
            "kubernetes_network_config": [
              {
                "elastic_load_balancing": [
                  {
                    "enabled": false
                  }
                ],
                "ip_family": "ipv4",
                "service_ipv4_cidr": "10.100.0.0/16",
                "service_ipv6_cidr": ""
              }
            ],
            "name": "eksDeepDive",
            "outpost_config": [],
            "platform_version": "eks.9",
            "remote_network_config": [],
            "role_arn": "arn:aws:iam::325583868777:role/EKSCluster",
            "status": "ACTIVE",
            "storage_config": [
              {
                "block_storage": [
                  {
                    "enabled": false
                  }
                ]
              }
            ],
            "tags": {},
            "upgrade_policy": [
              {
                "support_type": "STANDARD"
              }
            ],
            "version": "1.32",
            "vpc_config": [
              {
                "cluster_security_group_id": "sg-062170f6c5c2a2276",
                "endpoint_private_access": true,
                "endpoint_public_access": true,
                "public_access_cidrs": [
                  "0.0.0.0/0"
                ],
                "security_group_ids": [],
                "subnet_ids": [
                  "subnet-556d813f",
                  "subnet-75144e08",
                  "subnet-ea81afa7"
                ],
                "vpc_id": "vpc-6412160f"
              }
            ],
            "zonal_shift_config": [
              {
                "enabled": true
              }
            ]
          },
          "sensitive_attributes": []
        }
      ]
    },
    {
      "module": "module.data_sources",
      "mode": "data",
      "type": "aws_eks_cluster_auth",
      "name": "this",
      "provider": "provider[\"registry.terraform.io/hashicorp/aws\"]",
      "instances": [
        {
          "schema_version": 0,
          "attributes": {
            "id": "eksDeepDive",
            "name": "eksDeepDive",
            "token": "k8s-aws-v1.aHR0cHM6Ly9zdHMuZXUtY2VudHJhbC0xLmFtYXpvbmF3cy5jb20vP0FjdGlvbj1HZXRDYWxsZXJJZGVudGl0eSZWZXJzaW9uPTIwMTEtMDYtMTUmWC1BbXotQWxnb3JpdGhtPUFXUzQtSE1BQy1TSEEyNTYmWC1BbXotQ3JlZGVudGlhbD1BS0lBVVhUU1BTTlVUSEtOUUJZNyUyRjIwMjUwNTA1JTJGZXUtY2VudHJhbC0xJTJGc3RzJTJGYXdzNF9yZXF1ZXN0JlgtQW16LURhdGU9MjAyNTA1MDVUMDMxNTMxWiZYLUFtei1FeHBpcmVzPTAmWC1BbXotU2lnbmVkSGVhZGVycz1ob3N0JTNCeC1rOHMtYXdzLWlkJlgtQW16LVNpZ25hdHVyZT00ZGEzNmZiNDRlMWUyNDIzYThhZDUzMTVjZmM3ZjI3NmExMTdmODM1OTE5NTQxZDRkNWVkYjJkNjdkYTgzZmU1"
          },
          "sensitive_attributes": [
            [
              {
                "type": "get_attr",
                "value": "token"
              }
            ]
          ]
        }
      ]
    },
    {
      "module": "module.data_sources",
      "mode": "data",
      "type": "aws_security_group",
      "name": "eks_sg",
      "provider": "provider[\"registry.terraform.io/hashicorp/aws\"]",
      "instances": []
    },
    {
      "module": "module.data_sources",
      "mode": "data",
      "type": "aws_subnets",
      "name": "eks_subnets",
      "provider": "provider[\"registry.terraform.io/hashicorp/aws\"]",
      "instances": [
        {
          "schema_version": 0,
          "attributes": {
            "filter": [
              {
                "name": "vpc-id",
                "values": [
                  "vpc-6412160f"
                ]
              }
            ],
            "id": "eu-central-1",
            "ids": [
              "subnet-556d813f",
              "subnet-ea81afa7",
              "subnet-75144e08"
            ],
            "tags": null,
            "timeouts": null
          },
          "sensitive_attributes": []
        }
      ]
    },
    {
      "module": "module.data_sources",
      "mode": "data",
      "type": "aws_vpc",
      "name": "eks_vpc",
      "provider": "provider[\"registry.terraform.io/hashicorp/aws\"]",
      "instances": [
        {
          "schema_version": 0,
          "attributes": {
            "arn": "arn:aws:ec2:eu-central-1:325583868777:vpc/vpc-6412160f",
            "cidr_block": "172.31.0.0/16",
            "cidr_block_associations": [
              {
                "association_id": "vpc-cidr-assoc-832632eb",
                "cidr_block": "172.31.0.0/16",
                "state": "associated"
              }
            ],
            "default": true,
            "dhcp_options_id": "dopt-f5cfcb9e",
            "enable_dns_hostnames": true,
            "enable_dns_support": true,
            "enable_network_address_usage_metrics": false,
            "filter": null,
            "id": "vpc-6412160f",
            "instance_tenancy": "default",
            "ipv6_association_id": "",
            "ipv6_cidr_block": "",
            "main_route_table_id": "rtb-9c6bd5f6",
            "owner_id": "325583868777",
            "state": null,
            "tags": {
              "Name": "myvpc-cdcp"
            },
            "timeouts": null
          },
          "sensitive_attributes": []
        }
      ]
    },
    {
      "module": "module.node_group",
      "mode": "managed",
      "type": "aws_eks_node_group",
      "name": "this",
      "provider": "provider[\"registry.terraform.io/hashicorp/aws\"]",
      "instances": [
        {
          "schema_version": 0,
          "attributes": {
            "ami_type": "AL2023_x86_64_STANDARD",
            "arn": "arn:aws:eks:eu-central-1:325583868777:nodegroup/eksDeepDive/nodeGroupRjhxaGsg/a4cb4f38-cd17-2a93-b6b2-a453f1cd5ce0",
            "capacity_type": "ON_DEMAND",
            "cluster_name": "eksDeepDive",
            "disk_size": 20,
            "force_update_version": null,
            "id": "eksDeepDive:nodeGroupRjhxaGsg",
            "instance_types": [
              "t3.small"
            ],
            "labels": null,
            "launch_template": [],
            "node_group_name": "nodeGroupRjhxaGsg",
            "node_group_name_prefix": "",
            "node_repair_config": [],
            "node_role_arn": "arn:aws:iam::325583868777:role/EKSDeepDive_NodeGroup_Role_cdcp",
            "release_version": "1.32.3-20250501",
            "remote_access": [],
            "resources": [
              {
                "autoscaling_groups": [
                  {
                    "name": "eks-nodeGroupRjhxaGsg-a4cb4f38-cd17-2a93-b6b2-a453f1cd5ce0"
                  }
                ],
                "remote_access_security_group_id": ""
              }
            ],
            "scaling_config": [
              {
                "desired_size": 1,
                "max_size": 2,
                "min_size": 1
              }
            ],
            "status": "ACTIVE",
            "subnet_ids": [
              "subnet-556d813f",
              "subnet-75144e08",
              "subnet-ea81afa7"
            ],
            "tags": null,
            "tags_all": {},
            "taint": [],
            "timeouts": null,
            "update_config": [
              {
                "max_unavailable": 1,
                "max_unavailable_percentage": 0
              }
            ],
            "version": "1.32"
          },
          "sensitive_attributes": [],
          "private": "eyJlMmJmYjczMC1lY2FhLTExZTYtOGY4OC0zNDM2M2JjN2M0YzAiOnsiY3JlYXRlIjozNjAwMDAwMDAwMDAwLCJkZWxldGUiOjM2MDAwMDAwMDAwMDAsInVwZGF0ZSI6MzYwMDAwMDAwMDAwMH19",
          "dependencies": [
            "module.data_sources.data.aws_eks_cluster.this",
            "module.data_sources.data.aws_subnets.eks_subnets",
            "module.data_sources.data.aws_vpc.eks_vpc"
          ]
        }
      ]
    }
  ],
  "check_results": null
}
